// !$*UTF8*$!
{
	archiveVersion = 1;
	classes = {
	};
	objectVersion = 55;
	objects = {

/* Begin PBXBuildFile section */
		1A042B1C28EA2D130050DD57 /* UserProfilePresenter.swift in Sources */ = {isa = PBXBuildFile; fileRef = 1A042B1528EA2D130050DD57 /* UserProfilePresenter.swift */; };
		1A042B1D28EA2D130050DD57 /* UserProfileWorker.swift in Sources */ = {isa = PBXBuildFile; fileRef = 1A042B1628EA2D130050DD57 /* UserProfileWorker.swift */; };
		1A042B1E28EA2D130050DD57 /* UserProfileRouter.swift in Sources */ = {isa = PBXBuildFile; fileRef = 1A042B1728EA2D130050DD57 /* UserProfileRouter.swift */; };
		1A042B1F28EA2D130050DD57 /* UserProfileModels.swift in Sources */ = {isa = PBXBuildFile; fileRef = 1A042B1828EA2D130050DD57 /* UserProfileModels.swift */; };
		1A042B2028EA2D130050DD57 /* UserProfileViewController.swift in Sources */ = {isa = PBXBuildFile; fileRef = 1A042B1928EA2D130050DD57 /* UserProfileViewController.swift */; };
		1A042B2128EA2D130050DD57 /* UserProfileInteractor.swift in Sources */ = {isa = PBXBuildFile; fileRef = 1A042B1A28EA2D130050DD57 /* UserProfileInteractor.swift */; };
		1A13951628E3A4C000806783 /* CustomTabBar.swift in Sources */ = {isa = PBXBuildFile; fileRef = 1A13951528E3A4C000806783 /* CustomTabBar.swift */; };
		1A13951828E3AC9900806783 /* CustomTabBarConstants.swift in Sources */ = {isa = PBXBuildFile; fileRef = 1A13951728E3AC9900806783 /* CustomTabBarConstants.swift */; };
		1A6D471B28B0594B0059BA42 /* NewsFeedCell.swift in Sources */ = {isa = PBXBuildFile; fileRef = 1A6D471A28B0594B0059BA42 /* NewsFeedCell.swift */; };
		1A6D471D28B05E620059BA42 /* TinyConstraints.xcframework in Embed Frameworks */ = {isa = PBXBuildFile; fileRef = 1A6D471C28B05E620059BA42 /* TinyConstraints.xcframework */; settings = {ATTRIBUTES = (CodeSignOnCopy, RemoveHeadersOnCopy, ); }; };
		1A6D471F28B111750059BA42 /* UIExtensions.swift in Sources */ = {isa = PBXBuildFile; fileRef = 1A6D471E28B111750059BA42 /* UIExtensions.swift */; };
		1AB987A5289F23CB00F56E76 /* VKSdkFramework.xcframework in Frameworks */ = {isa = PBXBuildFile; fileRef = 1AB987A4289F23CB00F56E76 /* VKSdkFramework.xcframework */; };
		1AB987A6289F23CB00F56E76 /* VKSdkFramework.xcframework in Embed Frameworks */ = {isa = PBXBuildFile; fileRef = 1AB987A4289F23CB00F56E76 /* VKSdkFramework.xcframework */; settings = {ATTRIBUTES = (CodeSignOnCopy, RemoveHeadersOnCopy, ); }; };
		1AB987AC289F2E6900F56E76 /* VKAuthService.swift in Sources */ = {isa = PBXBuildFile; fileRef = 1AB987AB289F2E6900F56E76 /* VKAuthService.swift */; };
		1ABCBBFA28A2FA0000010460 /* NetworkService.swift in Sources */ = {isa = PBXBuildFile; fileRef = 1ABCBBF928A2FA0000010460 /* NetworkService.swift */; };
		1ABCBBFC28A2FCAB00010460 /* API.swift in Sources */ = {isa = PBXBuildFile; fileRef = 1ABCBBFB28A2FCAB00010460 /* API.swift */; };
		1ABCBC0928A464A900010460 /* NewsFeedPresenter.swift in Sources */ = {isa = PBXBuildFile; fileRef = 1ABCBC0228A464A900010460 /* NewsFeedPresenter.swift */; };
		1ABCBC0A28A464A900010460 /* NewsFeedWorker.swift in Sources */ = {isa = PBXBuildFile; fileRef = 1ABCBC0328A464A900010460 /* NewsFeedWorker.swift */; };
		1ABCBC0B28A464A900010460 /* NewsFeedRouter.swift in Sources */ = {isa = PBXBuildFile; fileRef = 1ABCBC0428A464A900010460 /* NewsFeedRouter.swift */; };
		1ABCBC0C28A464A900010460 /* NewsFeedModels.swift in Sources */ = {isa = PBXBuildFile; fileRef = 1ABCBC0528A464A900010460 /* NewsFeedModels.swift */; };
		1ABCBC0D28A464A900010460 /* NewsFeedViewController.swift in Sources */ = {isa = PBXBuildFile; fileRef = 1ABCBC0628A464A900010460 /* NewsFeedViewController.swift */; };
		1ABCBC0E28A464A900010460 /* NewsFeedInteractor.swift in Sources */ = {isa = PBXBuildFile; fileRef = 1ABCBC0728A464A900010460 /* NewsFeedInteractor.swift */; };
		1ABCBC1A28AAF27500010460 /* WebImageView.swift in Sources */ = {isa = PBXBuildFile; fileRef = 1ABCBC1928AAF27500010460 /* WebImageView.swift */; };
		1ABCBC1D28AAF8E300010460 /* VKDateFormater.swift in Sources */ = {isa = PBXBuildFile; fileRef = 1ABCBC1C28AAF8E300010460 /* VKDateFormater.swift */; };
		1ABCBC2128AC542100010460 /* String + Height.swift in Sources */ = {isa = PBXBuildFile; fileRef = 1ABCBC2028AC542100010460 /* String + Height.swift */; };
		1AD9F1D8289DBF980083730F /* AppDelegate.swift in Sources */ = {isa = PBXBuildFile; fileRef = 1AD9F1D7289DBF980083730F /* AppDelegate.swift */; };
		1AD9F1DA289DBF980083730F /* SceneDelegate.swift in Sources */ = {isa = PBXBuildFile; fileRef = 1AD9F1D9289DBF980083730F /* SceneDelegate.swift */; };
		1AD9F1DC289DBF980083730F /* AuthViewController.swift in Sources */ = {isa = PBXBuildFile; fileRef = 1AD9F1DB289DBF980083730F /* AuthViewController.swift */; };
		1AD9F1E1289DBF9C0083730F /* Assets.xcassets in Resources */ = {isa = PBXBuildFile; fileRef = 1AD9F1E0289DBF9C0083730F /* Assets.xcassets */; };
		1AD9F1E4289DBF9C0083730F /* LaunchScreen.storyboard in Resources */ = {isa = PBXBuildFile; fileRef = 1AD9F1E2289DBF9C0083730F /* LaunchScreen.storyboard */; };
		1AEE563428B43C0D00D6CC1A /* CalculateCellHeight.swift in Sources */ = {isa = PBXBuildFile; fileRef = 1AEE563328B43C0D00D6CC1A /* CalculateCellHeight.swift */; };
		1AEE563628B43D7900D6CC1A /* FeedVCConstants.swift in Sources */ = {isa = PBXBuildFile; fileRef = 1AEE563528B43D7900D6CC1A /* FeedVCConstants.swift */; };
		1AEE563828B6C17D00D6CC1A /* CellsProtocols.swift in Sources */ = {isa = PBXBuildFile; fileRef = 1AEE563728B6C17D00D6CC1A /* CellsProtocols.swift */; };
		28243A7F2940E0CD00E0AA33 /* Realm in Frameworks */ = {isa = PBXBuildFile; productRef = 28243A7E2940E0CD00E0AA33 /* Realm */; };
		28243A812940E0CD00E0AA33 /* RealmSwift in Frameworks */ = {isa = PBXBuildFile; productRef = 28243A802940E0CD00E0AA33 /* RealmSwift */; };
		282FF06728FE826200B8846C /* ProfileHeaderView_.swift in Sources */ = {isa = PBXBuildFile; fileRef = 282FF06628FE826200B8846C /* ProfileHeaderView_.swift */; };
		282FF06928FEAE7600B8846C /* ProfileHeaderView.swift in Sources */ = {isa = PBXBuildFile; fileRef = 282FF06828FEAE7600B8846C /* ProfileHeaderView.swift */; };
		28E5687429389183000078B2 /* RealmSwift.swift in Sources */ = {isa = PBXBuildFile; fileRef = 28E5687329389183000078B2 /* RealmSwift.swift */; };
/* End PBXBuildFile section */

/* Begin PBXCopyFilesBuildPhase section */
		1AB987A7289F23CB00F56E76 /* Embed Frameworks */ = {
			isa = PBXCopyFilesBuildPhase;
			buildActionMask = 2147483647;
			dstPath = "";
			dstSubfolderSpec = 10;
			files = (
				1AB987A6289F23CB00F56E76 /* VKSdkFramework.xcframework in Embed Frameworks */,
				1A6D471D28B05E620059BA42 /* TinyConstraints.xcframework in Embed Frameworks */,
			);
			name = "Embed Frameworks";
			runOnlyForDeploymentPostprocessing = 0;
		};
/* End PBXCopyFilesBuildPhase section */

/* Begin PBXFileReference section */
		1A042B1528EA2D130050DD57 /* UserProfilePresenter.swift */ = {isa = PBXFileReference; lastKnownFileType = sourcecode.swift; path = UserProfilePresenter.swift; sourceTree = "<group>"; };
		1A042B1628EA2D130050DD57 /* UserProfileWorker.swift */ = {isa = PBXFileReference; lastKnownFileType = sourcecode.swift; path = UserProfileWorker.swift; sourceTree = "<group>"; };
		1A042B1728EA2D130050DD57 /* UserProfileRouter.swift */ = {isa = PBXFileReference; lastKnownFileType = sourcecode.swift; path = UserProfileRouter.swift; sourceTree = "<group>"; };
		1A042B1828EA2D130050DD57 /* UserProfileModels.swift */ = {isa = PBXFileReference; lastKnownFileType = sourcecode.swift; path = UserProfileModels.swift; sourceTree = "<group>"; };
		1A042B1928EA2D130050DD57 /* UserProfileViewController.swift */ = {isa = PBXFileReference; lastKnownFileType = sourcecode.swift; path = UserProfileViewController.swift; sourceTree = "<group>"; };
		1A042B1A28EA2D130050DD57 /* UserProfileInteractor.swift */ = {isa = PBXFileReference; lastKnownFileType = sourcecode.swift; path = UserProfileInteractor.swift; sourceTree = "<group>"; };
		1A13951528E3A4C000806783 /* CustomTabBar.swift */ = {isa = PBXFileReference; lastKnownFileType = sourcecode.swift; path = CustomTabBar.swift; sourceTree = "<group>"; };
		1A13951728E3AC9900806783 /* CustomTabBarConstants.swift */ = {isa = PBXFileReference; lastKnownFileType = sourcecode.swift; path = CustomTabBarConstants.swift; sourceTree = "<group>"; };
		1A6D471A28B0594B0059BA42 /* NewsFeedCell.swift */ = {isa = PBXFileReference; lastKnownFileType = sourcecode.swift; path = NewsFeedCell.swift; sourceTree = "<group>"; };
		1A6D471C28B05E620059BA42 /* TinyConstraints.xcframework */ = {isa = PBXFileReference; lastKnownFileType = wrapper.xcframework; name = TinyConstraints.xcframework; path = Carthage/Build/TinyConstraints.xcframework; sourceTree = "<group>"; };
		1A6D471E28B111750059BA42 /* UIExtensions.swift */ = {isa = PBXFileReference; lastKnownFileType = sourcecode.swift; path = UIExtensions.swift; sourceTree = "<group>"; };
		1AB987A4289F23CB00F56E76 /* VKSdkFramework.xcframework */ = {isa = PBXFileReference; lastKnownFileType = wrapper.xcframework; name = VKSdkFramework.xcframework; path = Carthage/Build/VKSdkFramework.xcframework; sourceTree = "<group>"; };
		1AB987AB289F2E6900F56E76 /* VKAuthService.swift */ = {isa = PBXFileReference; lastKnownFileType = sourcecode.swift; path = VKAuthService.swift; sourceTree = "<group>"; };
		1ABCBBF928A2FA0000010460 /* NetworkService.swift */ = {isa = PBXFileReference; lastKnownFileType = sourcecode.swift; path = NetworkService.swift; sourceTree = "<group>"; };
		1ABCBBFB28A2FCAB00010460 /* API.swift */ = {isa = PBXFileReference; lastKnownFileType = sourcecode.swift; path = API.swift; sourceTree = "<group>"; };
		1ABCBC0228A464A900010460 /* NewsFeedPresenter.swift */ = {isa = PBXFileReference; lastKnownFileType = sourcecode.swift; path = NewsFeedPresenter.swift; sourceTree = "<group>"; };
		1ABCBC0328A464A900010460 /* NewsFeedWorker.swift */ = {isa = PBXFileReference; lastKnownFileType = sourcecode.swift; path = NewsFeedWorker.swift; sourceTree = "<group>"; };
		1ABCBC0428A464A900010460 /* NewsFeedRouter.swift */ = {isa = PBXFileReference; lastKnownFileType = sourcecode.swift; path = NewsFeedRouter.swift; sourceTree = "<group>"; };
		1ABCBC0528A464A900010460 /* NewsFeedModels.swift */ = {isa = PBXFileReference; lastKnownFileType = sourcecode.swift; path = NewsFeedModels.swift; sourceTree = "<group>"; };
		1ABCBC0628A464A900010460 /* NewsFeedViewController.swift */ = {isa = PBXFileReference; lastKnownFileType = sourcecode.swift; path = NewsFeedViewController.swift; sourceTree = "<group>"; };
		1ABCBC0728A464A900010460 /* NewsFeedInteractor.swift */ = {isa = PBXFileReference; lastKnownFileType = sourcecode.swift; path = NewsFeedInteractor.swift; sourceTree = "<group>"; };
		1ABCBC1928AAF27500010460 /* WebImageView.swift */ = {isa = PBXFileReference; lastKnownFileType = sourcecode.swift; path = WebImageView.swift; sourceTree = "<group>"; };
		1ABCBC1C28AAF8E300010460 /* VKDateFormater.swift */ = {isa = PBXFileReference; lastKnownFileType = sourcecode.swift; path = VKDateFormater.swift; sourceTree = "<group>"; };
		1ABCBC2028AC542100010460 /* String + Height.swift */ = {isa = PBXFileReference; lastKnownFileType = sourcecode.swift; path = "String + Height.swift"; sourceTree = "<group>"; };
		1AD9F1D4289DBF980083730F /* iOS_diplom_VK_App.app */ = {isa = PBXFileReference; explicitFileType = wrapper.application; includeInIndex = 0; path = iOS_diplom_VK_App.app; sourceTree = BUILT_PRODUCTS_DIR; };
		1AD9F1D7289DBF980083730F /* AppDelegate.swift */ = {isa = PBXFileReference; lastKnownFileType = sourcecode.swift; path = AppDelegate.swift; sourceTree = "<group>"; };
		1AD9F1D9289DBF980083730F /* SceneDelegate.swift */ = {isa = PBXFileReference; lastKnownFileType = sourcecode.swift; path = SceneDelegate.swift; sourceTree = "<group>"; };
		1AD9F1DB289DBF980083730F /* AuthViewController.swift */ = {isa = PBXFileReference; lastKnownFileType = sourcecode.swift; path = AuthViewController.swift; sourceTree = "<group>"; };
		1AD9F1E0289DBF9C0083730F /* Assets.xcassets */ = {isa = PBXFileReference; lastKnownFileType = folder.assetcatalog; path = Assets.xcassets; sourceTree = "<group>"; };
		1AD9F1E3289DBF9C0083730F /* Base */ = {isa = PBXFileReference; lastKnownFileType = file.storyboard; name = Base; path = Base.lproj/LaunchScreen.storyboard; sourceTree = "<group>"; };
		1AD9F1E5289DBF9C0083730F /* Info.plist */ = {isa = PBXFileReference; lastKnownFileType = text.plist.xml; path = Info.plist; sourceTree = "<group>"; };
		1AEE563328B43C0D00D6CC1A /* CalculateCellHeight.swift */ = {isa = PBXFileReference; lastKnownFileType = sourcecode.swift; path = CalculateCellHeight.swift; sourceTree = "<group>"; };
		1AEE563528B43D7900D6CC1A /* FeedVCConstants.swift */ = {isa = PBXFileReference; lastKnownFileType = sourcecode.swift; path = FeedVCConstants.swift; sourceTree = "<group>"; };
		1AEE563728B6C17D00D6CC1A /* CellsProtocols.swift */ = {isa = PBXFileReference; lastKnownFileType = sourcecode.swift; path = CellsProtocols.swift; sourceTree = "<group>"; };
		282FF06628FE826200B8846C /* ProfileHeaderView_.swift */ = {isa = PBXFileReference; lastKnownFileType = sourcecode.swift; path = ProfileHeaderView_.swift; sourceTree = "<group>"; };
		282FF06828FEAE7600B8846C /* ProfileHeaderView.swift */ = {isa = PBXFileReference; lastKnownFileType = sourcecode.swift; path = ProfileHeaderView.swift; sourceTree = "<group>"; };
		28B234E4292F1E7D00CE95E4 /* Realm.xcframework */ = {isa = PBXFileReference; lastKnownFileType = wrapper.xcframework; name = Realm.xcframework; path = Carthage/Build/Realm.xcframework; sourceTree = "<group>"; };
		28B234E7292F1E8000CE95E4 /* RealmSwift.xcframework */ = {isa = PBXFileReference; lastKnownFileType = wrapper.xcframework; name = RealmSwift.xcframework; path = Carthage/Build/RealmSwift.xcframework; sourceTree = "<group>"; };
		28E5687329389183000078B2 /* RealmSwift.swift */ = {isa = PBXFileReference; lastKnownFileType = sourcecode.swift; path = RealmSwift.swift; sourceTree = "<group>"; };
/* End PBXFileReference section */

/* Begin PBXFrameworksBuildPhase section */
		1AD9F1D1289DBF980083730F /* Frameworks */ = {
			isa = PBXFrameworksBuildPhase;
			buildActionMask = 2147483647;
			files = (
				28243A812940E0CD00E0AA33 /* RealmSwift in Frameworks */,
				28243A7F2940E0CD00E0AA33 /* Realm in Frameworks */,
				1AB987A5289F23CB00F56E76 /* VKSdkFramework.xcframework in Frameworks */,
			);
			runOnlyForDeploymentPostprocessing = 0;
		};
/* End PBXFrameworksBuildPhase section */

/* Begin PBXGroup section */
		1A042B2328EA2D230050DD57 /* UserProfile */ = {
			isa = PBXGroup;
			children = (
				1A042B1928EA2D130050DD57 /* UserProfileViewController.swift */,
				1A042B1A28EA2D130050DD57 /* UserProfileInteractor.swift */,
				1A042B1528EA2D130050DD57 /* UserProfilePresenter.swift */,
				1A042B1828EA2D130050DD57 /* UserProfileModels.swift */,
				1A042B1628EA2D130050DD57 /* UserProfileWorker.swift */,
				1A042B1728EA2D130050DD57 /* UserProfileRouter.swift */,
				282FF06628FE826200B8846C /* ProfileHeaderView_.swift */,
				282FF06828FEAE7600B8846C /* ProfileHeaderView.swift */,
			);
			path = UserProfile;
			sourceTree = "<group>";
		};
		1A13951928E3ACAB00806783 /* CustomTabBar */ = {
			isa = PBXGroup;
			children = (
				1A13951528E3A4C000806783 /* CustomTabBar.swift */,
				1A13951728E3AC9900806783 /* CustomTabBarConstants.swift */,
			);
			path = CustomTabBar;
			sourceTree = "<group>";
		};
		1A50CC5F28A068EA00688497 /* AuthVC */ = {
			isa = PBXGroup;
			children = (
				1AD9F1DB289DBF980083730F /* AuthViewController.swift */,
			);
			path = AuthVC;
			sourceTree = "<group>";
		};
		1AB987A3289F23CB00F56E76 /* Frameworks */ = {
			isa = PBXGroup;
			children = (
				28B234E7292F1E8000CE95E4 /* RealmSwift.xcframework */,
				28B234E4292F1E7D00CE95E4 /* Realm.xcframework */,
				1A6D471C28B05E620059BA42 /* TinyConstraints.xcframework */,
				1AB987A4289F23CB00F56E76 /* VKSdkFramework.xcframework */,
			);
			name = Frameworks;
			sourceTree = "<group>";
		};
		1AB987AD289F2E6F00F56E76 /* Services */ = {
			isa = PBXGroup;
			children = (
				1AB987AB289F2E6900F56E76 /* VKAuthService.swift */,
				1ABCBBF928A2FA0000010460 /* NetworkService.swift */,
				1ABCBBFB28A2FCAB00010460 /* API.swift */,
				28E5687329389183000078B2 /* RealmSwift.swift */,
			);
			path = Services;
			sourceTree = "<group>";
		};
		1ABCBC0128A4647400010460 /* NewsFeed */ = {
			isa = PBXGroup;
			children = (
				1ABCBC1428A5C50800010460 /* Cell */,
				1ABCBC0628A464A900010460 /* NewsFeedViewController.swift */,
				1ABCBC0728A464A900010460 /* NewsFeedInteractor.swift */,
				1ABCBC0228A464A900010460 /* NewsFeedPresenter.swift */,
				1ABCBC0528A464A900010460 /* NewsFeedModels.swift */,
				1ABCBC0328A464A900010460 /* NewsFeedWorker.swift */,
				1ABCBC0428A464A900010460 /* NewsFeedRouter.swift */,
				1AEE563528B43D7900D6CC1A /* FeedVCConstants.swift */,
			);
			path = NewsFeed;
			sourceTree = "<group>";
		};
		1ABCBC1428A5C50800010460 /* Cell */ = {
			isa = PBXGroup;
			children = (
				1AEE563728B6C17D00D6CC1A /* CellsProtocols.swift */,
				1A6D471A28B0594B0059BA42 /* NewsFeedCell.swift */,
				1AEE563328B43C0D00D6CC1A /* CalculateCellHeight.swift */,
			);
			path = Cell;
			sourceTree = "<group>";
		};
		1ABCBC1B28AAF29D00010460 /* Helpers */ = {
			isa = PBXGroup;
			children = (
				1ABCBC1928AAF27500010460 /* WebImageView.swift */,
				1ABCBC1C28AAF8E300010460 /* VKDateFormater.swift */,
				1ABCBC2028AC542100010460 /* String + Height.swift */,
				1A6D471E28B111750059BA42 /* UIExtensions.swift */,
			);
			path = Helpers;
			sourceTree = "<group>";
		};
		1AD9F1CB289DBF980083730F = {
			isa = PBXGroup;
			children = (
				1AD9F1D6289DBF980083730F /* iOS_diplom_VK_App */,
				1AD9F1D5289DBF980083730F /* Products */,
				1AB987A3289F23CB00F56E76 /* Frameworks */,
			);
			sourceTree = "<group>";
		};
		1AD9F1D5289DBF980083730F /* Products */ = {
			isa = PBXGroup;
			children = (
				1AD9F1D4289DBF980083730F /* iOS_diplom_VK_App.app */,
			);
			name = Products;
			sourceTree = "<group>";
		};
		1AD9F1D6289DBF980083730F /* iOS_diplom_VK_App */ = {
			isa = PBXGroup;
			children = (
				1AD9F1D7289DBF980083730F /* AppDelegate.swift */,
				1AD9F1D9289DBF980083730F /* SceneDelegate.swift */,
				1A50CC5F28A068EA00688497 /* AuthVC */,
				1AB987AD289F2E6F00F56E76 /* Services */,
				1ABCBC0128A4647400010460 /* NewsFeed */,
				1A042B2328EA2D230050DD57 /* UserProfile */,
				1A13951928E3ACAB00806783 /* CustomTabBar */,
				1ABCBC1B28AAF29D00010460 /* Helpers */,
				1AD9F1E0289DBF9C0083730F /* Assets.xcassets */,
				1AD9F1E2289DBF9C0083730F /* LaunchScreen.storyboard */,
				1AD9F1E5289DBF9C0083730F /* Info.plist */,
			);
			path = iOS_diplom_VK_App;
			sourceTree = "<group>";
		};
/* End PBXGroup section */

/* Begin PBXNativeTarget section */
		1AD9F1D3289DBF980083730F /* iOS_diplom_VK_App */ = {
			isa = PBXNativeTarget;
			buildConfigurationList = 1AD9F1E8289DBF9C0083730F /* Build configuration list for PBXNativeTarget "iOS_diplom_VK_App" */;
			buildPhases = (
				1AD9F1D0289DBF980083730F /* Sources */,
				1AD9F1D1289DBF980083730F /* Frameworks */,
				1AD9F1D2289DBF980083730F /* Resources */,
				1AB987A7289F23CB00F56E76 /* Embed Frameworks */,
			);
			buildRules = (
			);
			dependencies = (
			);
			name = iOS_diplom_VK_App;
			packageProductDependencies = (
				28243A7E2940E0CD00E0AA33 /* Realm */,
				28243A802940E0CD00E0AA33 /* RealmSwift */,
			);
			productName = iOS_diplom_VK_App;
			productReference = 1AD9F1D4289DBF980083730F /* iOS_diplom_VK_App.app */;
			productType = "com.apple.product-type.application";
		};
/* End PBXNativeTarget section */

/* Begin PBXProject section */
		1AD9F1CC289DBF980083730F /* Project object */ = {
			isa = PBXProject;
			attributes = {
				BuildIndependentTargetsInParallel = 1;
				LastSwiftUpdateCheck = 1330;
				LastUpgradeCheck = 1330;
				TargetAttributes = {
					1AD9F1D3289DBF980083730F = {
						CreatedOnToolsVersion = 13.3.1;
					};
				};
			};
			buildConfigurationList = 1AD9F1CF289DBF980083730F /* Build configuration list for PBXProject "iOS_diplom_VK_App" */;
			compatibilityVersion = "Xcode 13.0";
			developmentRegion = en;
			hasScannedForEncodings = 0;
			knownRegions = (
				en,
				Base,
			);
			mainGroup = 1AD9F1CB289DBF980083730F;
			packageReferences = (
				28243A7D2940E0CD00E0AA33 /* XCRemoteSwiftPackageReference "realm-swift" */,
			);
			productRefGroup = 1AD9F1D5289DBF980083730F /* Products */;
			projectDirPath = "";
			projectRoot = "";
			targets = (
				1AD9F1D3289DBF980083730F /* iOS_diplom_VK_App */,
			);
		};
/* End PBXProject section */

/* Begin PBXResourcesBuildPhase section */
		1AD9F1D2289DBF980083730F /* Resources */ = {
			isa = PBXResourcesBuildPhase;
			buildActionMask = 2147483647;
			files = (
				1AD9F1E4289DBF9C0083730F /* LaunchScreen.storyboard in Resources */,
				1AD9F1E1289DBF9C0083730F /* Assets.xcassets in Resources */,
			);
			runOnlyForDeploymentPostprocessing = 0;
		};
/* End PBXResourcesBuildPhase section */

/* Begin PBXSourcesBuildPhase section */
		1AD9F1D0289DBF980083730F /* Sources */ = {
			isa = PBXSourcesBuildPhase;
			buildActionMask = 2147483647;
			files = (
				1A6D471F28B111750059BA42 /* UIExtensions.swift in Sources */,
				1ABCBC0C28A464A900010460 /* NewsFeedModels.swift in Sources */,
				1ABCBC0B28A464A900010460 /* NewsFeedRouter.swift in Sources */,
				1AD9F1DC289DBF980083730F /* AuthViewController.swift in Sources */,
				1ABCBC1A28AAF27500010460 /* WebImageView.swift in Sources */,
				1AD9F1D8289DBF980083730F /* AppDelegate.swift in Sources */,
				28E5687429389183000078B2 /* RealmSwift.swift in Sources */,
				1ABCBC1D28AAF8E300010460 /* VKDateFormater.swift in Sources */,
				282FF06928FEAE7600B8846C /* ProfileHeaderView.swift in Sources */,
				1ABCBC0E28A464A900010460 /* NewsFeedInteractor.swift in Sources */,
				1A042B1C28EA2D130050DD57 /* UserProfilePresenter.swift in Sources */,
				1ABCBC0928A464A900010460 /* NewsFeedPresenter.swift in Sources */,
				1A13951828E3AC9900806783 /* CustomTabBarConstants.swift in Sources */,
				1ABCBC0A28A464A900010460 /* NewsFeedWorker.swift in Sources */,
				1AD9F1DA289DBF980083730F /* SceneDelegate.swift in Sources */,
				1ABCBBFA28A2FA0000010460 /* NetworkService.swift in Sources */,
				1AB987AC289F2E6900F56E76 /* VKAuthService.swift in Sources */,
				282FF06728FE826200B8846C /* ProfileHeaderView_.swift in Sources */,
				1ABCBBFC28A2FCAB00010460 /* API.swift in Sources */,
				1A042B2028EA2D130050DD57 /* UserProfileViewController.swift in Sources */,
				1A13951628E3A4C000806783 /* CustomTabBar.swift in Sources */,
				1A6D471B28B0594B0059BA42 /* NewsFeedCell.swift in Sources */,
				1A042B1F28EA2D130050DD57 /* UserProfileModels.swift in Sources */,
				1ABCBC0D28A464A900010460 /* NewsFeedViewController.swift in Sources */,
				1A042B2128EA2D130050DD57 /* UserProfileInteractor.swift in Sources */,
				1A042B1E28EA2D130050DD57 /* UserProfileRouter.swift in Sources */,
				1ABCBC2128AC542100010460 /* String + Height.swift in Sources */,
				1A042B1D28EA2D130050DD57 /* UserProfileWorker.swift in Sources */,
				1AEE563428B43C0D00D6CC1A /* CalculateCellHeight.swift in Sources */,
				1AEE563628B43D7900D6CC1A /* FeedVCConstants.swift in Sources */,
				1AEE563828B6C17D00D6CC1A /* CellsProtocols.swift in Sources */,
			);
			runOnlyForDeploymentPostprocessing = 0;
		};
/* End PBXSourcesBuildPhase section */

/* Begin PBXVariantGroup section */
		1AD9F1E2289DBF9C0083730F /* LaunchScreen.storyboard */ = {
			isa = PBXVariantGroup;
			children = (
				1AD9F1E3289DBF9C0083730F /* Base */,
			);
			name = LaunchScreen.storyboard;
			sourceTree = "<group>";
		};
/* End PBXVariantGroup section */

/* Begin XCBuildConfiguration section */
		1AD9F1E6289DBF9C0083730F /* Debug */ = {
			isa = XCBuildConfiguration;
			buildSettings = {
				ALWAYS_SEARCH_USER_PATHS = NO;
				CLANG_ANALYZER_NONNULL = YES;
				CLANG_ANALYZER_NUMBER_OBJECT_CONVERSION = YES_AGGRESSIVE;
				CLANG_CXX_LANGUAGE_STANDARD = "gnu++17";
				CLANG_ENABLE_MODULES = YES;
				CLANG_ENABLE_OBJC_ARC = YES;
				CLANG_ENABLE_OBJC_WEAK = YES;
				CLANG_WARN_BLOCK_CAPTURE_AUTORELEASING = YES;
				CLANG_WARN_BOOL_CONVERSION = YES;
				CLANG_WARN_COMMA = YES;
				CLANG_WARN_CONSTANT_CONVERSION = YES;
				CLANG_WARN_DEPRECATED_OBJC_IMPLEMENTATIONS = YES;
				CLANG_WARN_DIRECT_OBJC_ISA_USAGE = YES_ERROR;
				CLANG_WARN_DOCUMENTATION_COMMENTS = YES;
				CLANG_WARN_EMPTY_BODY = YES;
				CLANG_WARN_ENUM_CONVERSION = YES;
				CLANG_WARN_INFINITE_RECURSION = YES;
				CLANG_WARN_INT_CONVERSION = YES;
				CLANG_WARN_NON_LITERAL_NULL_CONVERSION = YES;
				CLANG_WARN_OBJC_IMPLICIT_RETAIN_SELF = YES;
				CLANG_WARN_OBJC_LITERAL_CONVERSION = YES;
				CLANG_WARN_OBJC_ROOT_CLASS = YES_ERROR;
				CLANG_WARN_QUOTED_INCLUDE_IN_FRAMEWORK_HEADER = YES;
				CLANG_WARN_RANGE_LOOP_ANALYSIS = YES;
				CLANG_WARN_STRICT_PROTOTYPES = YES;
				CLANG_WARN_SUSPICIOUS_MOVE = YES;
				CLANG_WARN_UNGUARDED_AVAILABILITY = YES_AGGRESSIVE;
				CLANG_WARN_UNREACHABLE_CODE = YES;
				CLANG_WARN__DUPLICATE_METHOD_MATCH = YES;
				COPY_PHASE_STRIP = NO;
				DEBUG_INFORMATION_FORMAT = dwarf;
				ENABLE_STRICT_OBJC_MSGSEND = YES;
				ENABLE_TESTABILITY = YES;
				GCC_C_LANGUAGE_STANDARD = gnu11;
				GCC_DYNAMIC_NO_PIC = NO;
				GCC_NO_COMMON_BLOCKS = YES;
				GCC_OPTIMIZATION_LEVEL = 0;
				GCC_PREPROCESSOR_DEFINITIONS = (
					"DEBUG=1",
					"$(inherited)",
				);
				GCC_WARN_64_TO_32_BIT_CONVERSION = YES;
				GCC_WARN_ABOUT_RETURN_TYPE = YES_ERROR;
				GCC_WARN_UNDECLARED_SELECTOR = YES;
				GCC_WARN_UNINITIALIZED_AUTOS = YES_AGGRESSIVE;
				GCC_WARN_UNUSED_FUNCTION = YES;
				GCC_WARN_UNUSED_VARIABLE = YES;
				IPHONEOS_DEPLOYMENT_TARGET = 15.0;
				MTL_ENABLE_DEBUG_INFO = INCLUDE_SOURCE;
				MTL_FAST_MATH = YES;
				ONLY_ACTIVE_ARCH = YES;
				SDKROOT = iphoneos;
				SWIFT_ACTIVE_COMPILATION_CONDITIONS = DEBUG;
				SWIFT_OPTIMIZATION_LEVEL = "-Onone";
			};
			name = Debug;
		};
		1AD9F1E7289DBF9C0083730F /* Release */ = {
			isa = XCBuildConfiguration;
			buildSettings = {
				ALWAYS_SEARCH_USER_PATHS = NO;
				CLANG_ANALYZER_NONNULL = YES;
				CLANG_ANALYZER_NUMBER_OBJECT_CONVERSION = YES_AGGRESSIVE;
				CLANG_CXX_LANGUAGE_STANDARD = "gnu++17";
				CLANG_ENABLE_MODULES = YES;
				CLANG_ENABLE_OBJC_ARC = YES;
				CLANG_ENABLE_OBJC_WEAK = YES;
				CLANG_WARN_BLOCK_CAPTURE_AUTORELEASING = YES;
				CLANG_WARN_BOOL_CONVERSION = YES;
				CLANG_WARN_COMMA = YES;
				CLANG_WARN_CONSTANT_CONVERSION = YES;
				CLANG_WARN_DEPRECATED_OBJC_IMPLEMENTATIONS = YES;
				CLANG_WARN_DIRECT_OBJC_ISA_USAGE = YES_ERROR;
				CLANG_WARN_DOCUMENTATION_COMMENTS = YES;
				CLANG_WARN_EMPTY_BODY = YES;
				CLANG_WARN_ENUM_CONVERSION = YES;
				CLANG_WARN_INFINITE_RECURSION = YES;
				CLANG_WARN_INT_CONVERSION = YES;
				CLANG_WARN_NON_LITERAL_NULL_CONVERSION = YES;
				CLANG_WARN_OBJC_IMPLICIT_RETAIN_SELF = YES;
				CLANG_WARN_OBJC_LITERAL_CONVERSION = YES;
				CLANG_WARN_OBJC_ROOT_CLASS = YES_ERROR;
				CLANG_WARN_QUOTED_INCLUDE_IN_FRAMEWORK_HEADER = YES;
				CLANG_WARN_RANGE_LOOP_ANALYSIS = YES;
				CLANG_WARN_STRICT_PROTOTYPES = YES;
				CLANG_WARN_SUSPICIOUS_MOVE = YES;
				CLANG_WARN_UNGUARDED_AVAILABILITY = YES_AGGRESSIVE;
				CLANG_WARN_UNREACHABLE_CODE = YES;
				CLANG_WARN__DUPLICATE_METHOD_MATCH = YES;
				COPY_PHASE_STRIP = NO;
				DEBUG_INFORMATION_FORMAT = "dwarf-with-dsym";
				ENABLE_NS_ASSERTIONS = NO;
				ENABLE_STRICT_OBJC_MSGSEND = YES;
				GCC_C_LANGUAGE_STANDARD = gnu11;
				GCC_NO_COMMON_BLOCKS = YES;
				GCC_WARN_64_TO_32_BIT_CONVERSION = YES;
				GCC_WARN_ABOUT_RETURN_TYPE = YES_ERROR;
				GCC_WARN_UNDECLARED_SELECTOR = YES;
				GCC_WARN_UNINITIALIZED_AUTOS = YES_AGGRESSIVE;
				GCC_WARN_UNUSED_FUNCTION = YES;
				GCC_WARN_UNUSED_VARIABLE = YES;
				IPHONEOS_DEPLOYMENT_TARGET = 15.0;
				MTL_ENABLE_DEBUG_INFO = NO;
				MTL_FAST_MATH = YES;
				SDKROOT = iphoneos;
				SWIFT_COMPILATION_MODE = wholemodule;
				SWIFT_OPTIMIZATION_LEVEL = "-O";
				VALIDATE_PRODUCT = YES;
			};
			name = Release;
		};
		1AD9F1E9289DBF9C0083730F /* Debug */ = {
			isa = XCBuildConfiguration;
			buildSettings = {
				ASSETCATALOG_COMPILER_APPICON_NAME = AppIcon;
				ASSETCATALOG_COMPILER_GLOBAL_ACCENT_COLOR_NAME = AccentColor;
				CODE_SIGN_STYLE = Automatic;
				CURRENT_PROJECT_VERSION = 1;
				DEVELOPMENT_TEAM = 5BFVZ4T283;
				GENERATE_INFOPLIST_FILE = YES;
				INFOPLIST_FILE = iOS_diplom_VK_App/Info.plist;
				INFOPLIST_KEY_UIApplicationSupportsIndirectInputEvents = YES;
				INFOPLIST_KEY_UILaunchStoryboardName = LaunchScreen;
				INFOPLIST_KEY_UISupportedInterfaceOrientations_iPad = "UIInterfaceOrientationPortrait UIInterfaceOrientationPortraitUpsideDown UIInterfaceOrientationLandscapeLeft UIInterfaceOrientationLandscapeRight";
				INFOPLIST_KEY_UISupportedInterfaceOrientations_iPhone = "UIInterfaceOrientationPortrait UIInterfaceOrientationLandscapeLeft UIInterfaceOrientationLandscapeRight";
				LD_RUNPATH_SEARCH_PATHS = (
					"$(inherited)",
					"@executable_path/Frameworks",
				);
				MARKETING_VERSION = 1.0;
				PRODUCT_BUNDLE_IDENTIFIER = "site.immersing.iOS-diplom-VK-App";
				PRODUCT_NAME = "$(TARGET_NAME)";
				SWIFT_EMIT_LOC_STRINGS = YES;
				SWIFT_VERSION = 5.0;
				TARGETED_DEVICE_FAMILY = "1,2";
			};
			name = Debug;
		};
		1AD9F1EA289DBF9C0083730F /* Release */ = {
			isa = XCBuildConfiguration;
			buildSettings = {
				ASSETCATALOG_COMPILER_APPICON_NAME = AppIcon;
				ASSETCATALOG_COMPILER_GLOBAL_ACCENT_COLOR_NAME = AccentColor;
				CODE_SIGN_STYLE = Automatic;
				CURRENT_PROJECT_VERSION = 1;
				DEVELOPMENT_TEAM = 5BFVZ4T283;
				GENERATE_INFOPLIST_FILE = YES;
				INFOPLIST_FILE = iOS_diplom_VK_App/Info.plist;
				INFOPLIST_KEY_UIApplicationSupportsIndirectInputEvents = YES;
				INFOPLIST_KEY_UILaunchStoryboardName = LaunchScreen;
				INFOPLIST_KEY_UISupportedInterfaceOrientations_iPad = "UIInterfaceOrientationPortrait UIInterfaceOrientationPortraitUpsideDown UIInterfaceOrientationLandscapeLeft UIInterfaceOrientationLandscapeRight";
				INFOPLIST_KEY_UISupportedInterfaceOrientations_iPhone = "UIInterfaceOrientationPortrait UIInterfaceOrientationLandscapeLeft UIInterfaceOrientationLandscapeRight";
				LD_RUNPATH_SEARCH_PATHS = (
					"$(inherited)",
					"@executable_path/Frameworks",
				);
				MARKETING_VERSION = 1.0;
				PRODUCT_BUNDLE_IDENTIFIER = "site.immersing.iOS-diplom-VK-App";
				PRODUCT_NAME = "$(TARGET_NAME)";
				SWIFT_EMIT_LOC_STRINGS = YES;
				SWIFT_VERSION = 5.0;
				TARGETED_DEVICE_FAMILY = "1,2";
			};
			name = Release;
		};
/* End XCBuildConfiguration section */

/* Begin XCConfigurationList section */
		1AD9F1CF289DBF980083730F /* Build configuration list for PBXProject "iOS_diplom_VK_App" */ = {
			isa = XCConfigurationList;
			buildConfigurations = (
				1AD9F1E6289DBF9C0083730F /* Debug */,
				1AD9F1E7289DBF9C0083730F /* Release */,
			);
			defaultConfigurationIsVisible = 0;
			defaultConfigurationName = Release;
		};
		1AD9F1E8289DBF9C0083730F /* Build configuration list for PBXNativeTarget "iOS_diplom_VK_App" */ = {
			isa = XCConfigurationList;
			buildConfigurations = (
				1AD9F1E9289DBF9C0083730F /* Debug */,
				1AD9F1EA289DBF9C0083730F /* Release */,
			);
			defaultConfigurationIsVisible = 0;
			defaultConfigurationName = Release;
		};
/* End XCConfigurationList section */

/* Begin XCRemoteSwiftPackageReference section */
		28243A7D2940E0CD00E0AA33 /* XCRemoteSwiftPackageReference "realm-swift" */ = {
			isa = XCRemoteSwiftPackageReference;
			repositoryURL = "https://github.com/realm/realm-swift.git";
			requirement = {
				branch = master;
				kind = branch;
			};
		};
/* End XCRemoteSwiftPackageReference section */

/* Begin XCSwiftPackageProductDependency section */
		28243A7E2940E0CD00E0AA33 /* Realm */ = {
			isa = XCSwiftPackageProductDependency;
			package = 28243A7D2940E0CD00E0AA33 /* XCRemoteSwiftPackageReference "realm-swift" */;
			productName = Realm;
		};
		28243A802940E0CD00E0AA33 /* RealmSwift */ = {
			isa = XCSwiftPackageProductDependency;
			package = 28243A7D2940E0CD00E0AA33 /* XCRemoteSwiftPackageReference "realm-swift" */;
			productName = RealmSwift;
		};
/* End XCSwiftPackageProductDependency section */
	};
	rootObject = 1AD9F1CC289DBF980083730F /* Project object */;
}
